
Microsoft Visual Studio Solution File, Format Version 12.00
# Visual Studio Version 17
VisualStudioVersion = 17.5.33424.131
MinimumVisualStudioVersion = 10.0.40219.1
Project("{9A19103F-16F7-4668-BE54-9A1E7A4F7556}") = "TaskManagementWebAPI", "TaskManagementWebAPI\TaskManagementWebAPI.csproj", "{20A77933-CF81-45C5-8C62-7D160397BC2E}"
EndProject
Project("{9A19103F-16F7-4668-BE54-9A1E7A4F7556}") = "AuthenticationAPI", "AuthenticationAPI\AuthenticationAPI.csproj", "{1FBB197B-CBF1-47AF-8B6E-1D96B4919718}"
EndProject
Project("{FAE04EC0-301F-11D3-BF4B-00C04F79EFBC}") = "LoggingLibrary", "LoggingLibrary\LoggingLibrary.csproj", "{BD3C300E-25AC-45C7-84C9-0796ADE6DCA7}"
EndProject
Global
	GlobalSection(SolutionConfigurationPlatforms) = preSolution
		Debug|Any CPU = Debug|Any CPU
		Release|Any CPU = Release|Any CPU
	EndGlobalSection
	GlobalSection(ProjectConfigurationPlatforms) = postSolution
		{20A77933-CF81-45C5-8C62-7D160397BC2E}.Debug|Any CPU.ActiveCfg = Debug|Any CPU
		{20A77933-CF81-45C5-8C62-7D160397BC2E}.Debug|Any CPU.Build.0 = Debug|Any CPU
		{20A77933-CF81-45C5-8C62-7D160397BC2E}.Release|Any CPU.ActiveCfg = Release|Any CPU
		{20A77933-CF81-45C5-8C62-7D160397BC2E}.Release|Any CPU.Build.0 = Release|Any CPU
		{1FBB197B-CBF1-47AF-8B6E-1D96B4919718}.Debug|Any CPU.ActiveCfg = Debug|Any CPU
		{1FBB197B-CBF1-47AF-8B6E-1D96B4919718}.Debug|Any CPU.Build.0 = Debug|Any CPU
		{1FBB197B-CBF1-47AF-8B6E-1D96B4919718}.Release|Any CPU.ActiveCfg = Release|Any CPU
		{1FBB197B-CBF1-47AF-8B6E-1D96B4919718}.Release|Any CPU.Build.0 = Release|Any CPU
		{BD3C300E-25AC-45C7-84C9-0796ADE6DCA7}.Debug|Any CPU.ActiveCfg = Debug|Any CPU
		{BD3C300E-25AC-45C7-84C9-0796ADE6DCA7}.Debug|Any CPU.Build.0 = Debug|Any CPU
		{BD3C300E-25AC-45C7-84C9-0796ADE6DCA7}.Release|Any CPU.ActiveCfg = Release|Any CPU
		{BD3C300E-25AC-45C7-84C9-0796ADE6DCA7}.Release|Any CPU.Build.0 = Release|Any CPU
	EndGlobalSection
	GlobalSection(SolutionProperties) = preSolution
		HideSolutionNode = FALSE
	EndGlobalSection
	GlobalSection(ExtensibilityGlobals) = postSolution
		SolutionGuid = {6059FC79-ACCE-4C22-8890-D3EB563BBA86}
	EndGlobalSection
EndGlobal
